
Microsoft Visual Studio Solution File, Format Version 12.00
# Visual Studio 15
VisualStudioVersion = 15.0.27924.0
MinimumVisualStudioVersion = 10.0.40219.1
Project("{FAE04EC0-301F-11D3-BF4B-00C04F79EFBC}") = "Cryptology3(mod2)", "Cryptology3(mod2)\Cryptology3(mod2).csproj", "{A670AD09-1F3B-43A3-80FF-3C91DF6D299F}"
EndProject
Global
	GlobalSection(SolutionConfigurationPlatforms) = preSolution
		Debug|Any CPU = Debug|Any CPU
		Release|Any CPU = Release|Any CPU
	EndGlobalSection
	GlobalSection(ProjectConfigurationPlatforms) = postSolution
		{A670AD09-1F3B-43A3-80FF-3C91DF6D299F}.Debug|Any CPU.ActiveCfg = Debug|Any CPU
		{A670AD09-1F3B-43A3-80FF-3C91DF6D299F}.Debug|Any CPU.Build.0 = Debug|Any CPU
		{A670AD09-1F3B-43A3-80FF-3C91DF6D299F}.Release|Any CPU.ActiveCfg = Release|Any CPU
		{A670AD09-1F3B-43A3-80FF-3C91DF6D299F}.Release|Any CPU.Build.0 = Release|Any CPU
	EndGlobalSection
	GlobalSection(SolutionProperties) = preSolution
		HideSolutionNode = FALSE
	EndGlobalSection
	GlobalSection(ExtensibilityGlobals) = postSolution
		SolutionGuid = {80B17470-6270-4E32-9D27-0CED4BF33D03}
	EndGlobalSection
EndGlobal
